{
  "meteor": {},
  "dependencies": {
    "basePackages": {
      "moment": {},
      "pretty-fullcalendar": {}
    },
    "packages": {
      "moment": {
        "git": "https://github.com/acreeger/meteor-moment.git",
        "tag": "v2.6.0",
        "commit": "26156df681750fd6e6ed77043eef32b6653ebbdf"
      },
      "pretty-fullcalendar": {
        "git": "https://github.com/priyadarshy/meteor-fullcalendar.git",
        "tag": "v1.7.1",
        "commit": "075770e4fbe7367d79505169765c29c5c8b26aaf"
      },
      "jquery-ui": {
        "git": "https://github.com/TimHeckel/meteor-jquery-ui.git",
        "tag": "v1.9.2",
        "commit": "c437d45edcf1367df8d5ffa8bad2867758030bd2"
      }
    }
  }
}
